// !$*UTF8*$!
{
	archiveVersion = 1;
	classes = {};
	objectVersion = 56;
	objects = {
		CA6D67E9A2F09AFBF1DADBE7 /* AppState.swift */ = {isa = PBXFileReference; lastKnownFileType = sourcecode.swift; path = "AppState.swift"; sourceTree = "<group>"; };
		8588BC3047355B7AC0FA5FEC /* RootTabView.swift */ = {isa = PBXFileReference; lastKnownFileType = sourcecode.swift; path = "RootTabView.swift"; sourceTree = "<group>"; };
		4AF490C2A8A6D6CB4C7B9AC9 /* SchoolHelperIOSApp.swift */ = {isa = PBXFileReference; lastKnownFileType = sourcecode.swift; path = "SchoolHelperIOSApp.swift"; sourceTree = "<group>"; };
		41598C759476FAE3207C4DEE /* SchoolInfo.swift */ = {isa = PBXFileReference; lastKnownFileType = sourcecode.swift; path = "SchoolInfo.swift"; sourceTree = "<group>"; };
		8DF14D69C063A580A08D1590 /* StudentProfile.swift */ = {isa = PBXFileReference; lastKnownFileType = sourcecode.swift; path = "StudentProfile.swift"; sourceTree = "<group>"; };
		846C289F044135A880835137 /* NEISClient.swift */ = {isa = PBXFileReference; lastKnownFileType = sourcecode.swift; path = "NEISClient.swift"; sourceTree = "<group>"; };
		E17D5A15E6DE84261E7B5F93 /* SchoolSearchService.swift */ = {isa = PBXFileReference; lastKnownFileType = sourcecode.swift; path = "SchoolSearchService.swift"; sourceTree = "<group>"; };
		EBE5CE93E4E7FFC14DAC7660 /* StudentPreferencesStore.swift */ = {isa = PBXFileReference; lastKnownFileType = sourcecode.swift; path = "StudentPreferencesStore.swift"; sourceTree = "<group>"; };
		6FD9045EF708D43EB57ED36E /* HomeView.swift */ = {isa = PBXFileReference; lastKnownFileType = sourcecode.swift; path = "HomeView.swift"; sourceTree = "<group>"; };
		2C003A0D92D450FF65819DB9 /* MealsView.swift */ = {isa = PBXFileReference; lastKnownFileType = sourcecode.swift; path = "MealsView.swift"; sourceTree = "<group>"; };
		00DD701D7879B32686BEEA02 /* ScheduleView.swift */ = {isa = PBXFileReference; lastKnownFileType = sourcecode.swift; path = "ScheduleView.swift"; sourceTree = "<group>"; };
		128876BA9CB203F0B32BD069 /* SettingsView.swift */ = {isa = PBXFileReference; lastKnownFileType = sourcecode.swift; path = "SettingsView.swift"; sourceTree = "<group>"; };
		93AA1A5EE8962804A8D513FB /* SettingsViewModel.swift */ = {isa = PBXFileReference; lastKnownFileType = sourcecode.swift; path = "SettingsViewModel.swift"; sourceTree = "<group>"; };
		E15A875EB1FA8A233A609F67 /* SetupView.swift */ = {isa = PBXFileReference; lastKnownFileType = sourcecode.swift; path = "SetupView.swift"; sourceTree = "<group>"; };
		0346036C5976F543939771B2 /* SetupViewModel.swift */ = {isa = PBXFileReference; lastKnownFileType = sourcecode.swift; path = "SetupViewModel.swift"; sourceTree = "<group>"; };
		ACFCF6F32DCA99EB105EC315 /* TimerView.swift */ = {isa = PBXFileReference; lastKnownFileType = sourcecode.swift; path = "TimerView.swift"; sourceTree = "<group>"; };
		630FD2A6ED822C97B659CC42 /* TimetableView.swift */ = {isa = PBXFileReference; lastKnownFileType = sourcecode.swift; path = "TimetableView.swift"; sourceTree = "<group>"; };
		8C8CC106143DDD06F242559C /* Assets.xcassets */ = {isa = PBXFileReference; lastKnownFileType = folder.assetcatalog; path = "Assets.xcassets"; sourceTree = "<group>"; };
		A97C29AD63741CF438998CE6 /* SchoolHelperIOS.app */ = {isa = PBXFileReference; explicitFileType = wrapper.application; path = SchoolHelperIOS.app; sourceTree = BUILT_PRODUCTS_DIR; };
		08AE4FB8B1EB02DE8DE127DC /* AppState.swift in Sources */ = {isa = PBXBuildFile; fileRef = CA6D67E9A2F09AFBF1DADBE7 /* AppState.swift */; };
		ADCCB87A203EB328894EF11B /* RootTabView.swift in Sources */ = {isa = PBXBuildFile; fileRef = 8588BC3047355B7AC0FA5FEC /* RootTabView.swift */; };
		168D0A141A06237EBC295E2F /* SchoolHelperIOSApp.swift in Sources */ = {isa = PBXBuildFile; fileRef = 4AF490C2A8A6D6CB4C7B9AC9 /* SchoolHelperIOSApp.swift */; };
		10D9C0B8108250D15259E537 /* SchoolInfo.swift in Sources */ = {isa = PBXBuildFile; fileRef = 41598C759476FAE3207C4DEE /* SchoolInfo.swift */; };
		3EAAA5F8D24C1D40AAAE21AC /* StudentProfile.swift in Sources */ = {isa = PBXBuildFile; fileRef = 8DF14D69C063A580A08D1590 /* StudentProfile.swift */; };
		6CC6DC05A458D7F2E5314DF5 /* NEISClient.swift in Sources */ = {isa = PBXBuildFile; fileRef = 846C289F044135A880835137 /* NEISClient.swift */; };
		4A9BCC5949721094A35E1C73 /* SchoolSearchService.swift in Sources */ = {isa = PBXBuildFile; fileRef = E17D5A15E6DE84261E7B5F93 /* SchoolSearchService.swift */; };
		3E4CC74E803B94A6D3C260F3 /* StudentPreferencesStore.swift in Sources */ = {isa = PBXBuildFile; fileRef = EBE5CE93E4E7FFC14DAC7660 /* StudentPreferencesStore.swift */; };
		18A16C75C86F34908868A9FA /* HomeView.swift in Sources */ = {isa = PBXBuildFile; fileRef = 6FD9045EF708D43EB57ED36E /* HomeView.swift */; };
		67701FB7EC8A9B893C71F4E5 /* MealsView.swift in Sources */ = {isa = PBXBuildFile; fileRef = 2C003A0D92D450FF65819DB9 /* MealsView.swift */; };
		7682855F82D0AB06269BA1F9 /* ScheduleView.swift in Sources */ = {isa = PBXBuildFile; fileRef = 00DD701D7879B32686BEEA02 /* ScheduleView.swift */; };
		5B33481624F92B96350984A9 /* SettingsView.swift in Sources */ = {isa = PBXBuildFile; fileRef = 128876BA9CB203F0B32BD069 /* SettingsView.swift */; };
		930FD5BFB52BEB2F9C1DC938 /* SettingsViewModel.swift in Sources */ = {isa = PBXBuildFile; fileRef = 93AA1A5EE8962804A8D513FB /* SettingsViewModel.swift */; };
		8D52EF407D6B1C786B46D00B /* SetupView.swift in Sources */ = {isa = PBXBuildFile; fileRef = E15A875EB1FA8A233A609F67 /* SetupView.swift */; };
		AD523D21831F402C41E5973A /* SetupViewModel.swift in Sources */ = {isa = PBXBuildFile; fileRef = 0346036C5976F543939771B2 /* SetupViewModel.swift */; };
		6FF414D54ED25EBCD15AD09D /* TimerView.swift in Sources */ = {isa = PBXBuildFile; fileRef = ACFCF6F32DCA99EB105EC315 /* TimerView.swift */; };
		BF3A477ED4C66BF316BB55C2 /* TimetableView.swift in Sources */ = {isa = PBXBuildFile; fileRef = 630FD2A6ED822C97B659CC42 /* TimetableView.swift */; };
		8B2DC6CE6889E44777EF4355 /* Assets.xcassets in Resources */ = {isa = PBXBuildFile; fileRef = 8C8CC106143DDD06F242559C /* Assets.xcassets */; };
		7882D14E196057770B59E53D = {isa = PBXGroup; children = (095FEE2E633C50D24407F2D6 /* App */, 56FF437C3595AA04784D1FDF /* Core */, 7E6EE8A8A8649088BCCC27BE /* Features */, 0ECEC165EE4DFB177DC80E73 /* Resources */, BF7A2D27A78D590BDEF15AF2 /* Products */); sourceTree = "<group>"; };
		BF7A2D27A78D590BDEF15AF2 /* Products */ = {isa = PBXGroup; children = (A97C29AD63741CF438998CE6 /* SchoolHelperIOS.app */); name = Products; sourceTree = "<group>"; };
		095FEE2E633C50D24407F2D6 /* App */ = {isa = PBXGroup; children = (CA6D67E9A2F09AFBF1DADBE7 /* AppState.swift */, 8588BC3047355B7AC0FA5FEC /* RootTabView.swift */, 4AF490C2A8A6D6CB4C7B9AC9 /* SchoolHelperIOSApp.swift */); path = App; sourceTree = "<group>"; };
		56FF437C3595AA04784D1FDF /* Core */ = {isa = PBXGroup; children = (C9296A05A87C57A25315E1D6 /* Models */, 19F55F1C484ADE23F7FAEE33 /* Networking */, 8858329A6ED328E015E82D4D /* Storage */); path = Core; sourceTree = "<group>"; };
		C9296A05A87C57A25315E1D6 /* Models */ = {isa = PBXGroup; children = (41598C759476FAE3207C4DEE /* SchoolInfo.swift */, 8DF14D69C063A580A08D1590 /* StudentProfile.swift */); path = Models; sourceTree = "<group>"; };
		19F55F1C484ADE23F7FAEE33 /* Networking */ = {isa = PBXGroup; children = (846C289F044135A880835137 /* NEISClient.swift */, E17D5A15E6DE84261E7B5F93 /* SchoolSearchService.swift */); path = Networking; sourceTree = "<group>"; };
		8858329A6ED328E015E82D4D /* Storage */ = {isa = PBXGroup; children = (EBE5CE93E4E7FFC14DAC7660 /* StudentPreferencesStore.swift */); path = Storage; sourceTree = "<group>"; };
		7E6EE8A8A8649088BCCC27BE /* Features */ = {isa = PBXGroup; children = (4BBE9B4D75A28821221F7B33 /* Home */, 4DB0076464EC4FCE230BEBEA /* Meals */, CF99264565225747643EB65E /* Schedule */, 81B0A081DA0FA31E64479918 /* Settings */, 5A70AF3F70600A092A686313 /* Setup */, A3055C0257AE0E63131AF712 /* Timer */, 6DDBCDAEAC57B6B986D04302 /* Timetable */); path = Features; sourceTree = "<group>"; };
		4BBE9B4D75A28821221F7B33 /* Home */ = {isa = PBXGroup; children = (6FD9045EF708D43EB57ED36E /* HomeView.swift */); path = Home; sourceTree = "<group>"; };
		4DB0076464EC4FCE230BEBEA /* Meals */ = {isa = PBXGroup; children = (2C003A0D92D450FF65819DB9 /* MealsView.swift */); path = Meals; sourceTree = "<group>"; };
		CF99264565225747643EB65E /* Schedule */ = {isa = PBXGroup; children = (00DD701D7879B32686BEEA02 /* ScheduleView.swift */); path = Schedule; sourceTree = "<group>"; };
		81B0A081DA0FA31E64479918 /* Settings */ = {isa = PBXGroup; children = (128876BA9CB203F0B32BD069 /* SettingsView.swift */, 93AA1A5EE8962804A8D513FB /* SettingsViewModel.swift */); path = Settings; sourceTree = "<group>"; };
		5A70AF3F70600A092A686313 /* Setup */ = {isa = PBXGroup; children = (E15A875EB1FA8A233A609F67 /* SetupView.swift */, 0346036C5976F543939771B2 /* SetupViewModel.swift */); path = Setup; sourceTree = "<group>"; };
		A3055C0257AE0E63131AF712 /* Timer */ = {isa = PBXGroup; children = (ACFCF6F32DCA99EB105EC315 /* TimerView.swift */); path = Timer; sourceTree = "<group>"; };
		6DDBCDAEAC57B6B986D04302 /* Timetable */ = {isa = PBXGroup; children = (630FD2A6ED822C97B659CC42 /* TimetableView.swift */); path = Timetable; sourceTree = "<group>"; };
		0ECEC165EE4DFB177DC80E73 /* Resources */ = {isa = PBXGroup; children = (8C8CC106143DDD06F242559C /* Assets.xcassets */); path = Resources; sourceTree = "<group>"; };
		E7209FB05162B7572F88D05E /* Sources */ = {isa = PBXSourcesBuildPhase; buildActionMask = 2147483647; files = (08AE4FB8B1EB02DE8DE127DC /* AppState.swift in Sources */, ADCCB87A203EB328894EF11B /* RootTabView.swift in Sources */, 168D0A141A06237EBC295E2F /* SchoolHelperIOSApp.swift in Sources */, 10D9C0B8108250D15259E537 /* SchoolInfo.swift in Sources */, 3EAAA5F8D24C1D40AAAE21AC /* StudentProfile.swift in Sources */, 6CC6DC05A458D7F2E5314DF5 /* NEISClient.swift in Sources */, 4A9BCC5949721094A35E1C73 /* SchoolSearchService.swift in Sources */, 3E4CC74E803B94A6D3C260F3 /* StudentPreferencesStore.swift in Sources */, 18A16C75C86F34908868A9FA /* HomeView.swift in Sources */, 67701FB7EC8A9B893C71F4E5 /* MealsView.swift in Sources */, 7682855F82D0AB06269BA1F9 /* ScheduleView.swift in Sources */, 5B33481624F92B96350984A9 /* SettingsView.swift in Sources */, 930FD5BFB52BEB2F9C1DC938 /* SettingsViewModel.swift in Sources */, 8D52EF407D6B1C786B46D00B /* SetupView.swift in Sources */, AD523D21831F402C41E5973A /* SetupViewModel.swift in Sources */, 6FF414D54ED25EBCD15AD09D /* TimerView.swift in Sources */, BF3A477ED4C66BF316BB55C2 /* TimetableView.swift in Sources */); runOnlyForDeploymentPostprocessing = 0; };
		29B2D46AA747A59804D46E1F /* Frameworks */ = {isa = PBXFrameworksBuildPhase; buildActionMask = 2147483647; files = (); runOnlyForDeploymentPostprocessing = 0; };
		66F8606E9F0A136E2228EBCB /* Resources */ = {isa = PBXResourcesBuildPhase; buildActionMask = 2147483647; files = (8B2DC6CE6889E44777EF4355 /* Assets.xcassets in Resources */); runOnlyForDeploymentPostprocessing = 0; };
		9B78CAAD775A7B1ADCDDB4CB /* Debug */ = {isa = XCBuildConfiguration; buildSettings = { CLANG_ENABLE_MODULES = YES; SWIFT_VERSION = 5.0; }; name = Debug; };
		67A65AB35555E026329D87C3 /* Release */ = {isa = XCBuildConfiguration; buildSettings = { CLANG_ENABLE_MODULES = YES; SWIFT_VERSION = 5.0; }; name = Release; };
		5C1FCF821166A8E947DC58DE /* Debug */ = {isa = XCBuildConfiguration; buildSettings = { ASSETCATALOG_COMPILER_APPICON_NAME = ""; CODE_SIGN_STYLE = Automatic; CODE_SIGNING_ALLOWED = NO; CODE_SIGNING_REQUIRED = NO; CURRENT_PROJECT_VERSION = 1; DEVELOPMENT_TEAM = ""; GENERATE_INFOPLIST_FILE = YES; INFOPLIST_KEY_CFBundleDisplayName = SchoolHelperIOS; INFOPLIST_KEY_UIApplicationSceneManifest_Generation = YES; INFOPLIST_KEY_UILaunchScreen_Generation = YES; INFOPLIST_KEY_UISupportedInterfaceOrientations_iPhone = UIInterfaceOrientationPortrait; IPHONEOS_DEPLOYMENT_TARGET = 17.0; LD_RUNPATH_SEARCH_PATHS = ("$(inherited)", "@executable_path/Frameworks"); MARKETING_VERSION = 1.0; PRODUCT_BUNDLE_IDENTIFIER = com.leebyungsun.schoolhelperios; PRODUCT_NAME = "$(TARGET_NAME)"; SDKROOT = iphoneos; SUPPORTED_PLATFORMS = "iphoneos iphonesimulator"; SWIFT_EMIT_LOC_STRINGS = NO; SWIFT_VERSION = 5.0; TARGETED_DEVICE_FAMILY = 1; }; name = Debug; };
		D8A34C63742B602B66E1CD36 /* Release */ = {isa = XCBuildConfiguration; buildSettings = { ASSETCATALOG_COMPILER_APPICON_NAME = ""; CODE_SIGN_STYLE = Automatic; CODE_SIGNING_ALLOWED = NO; CODE_SIGNING_REQUIRED = NO; CURRENT_PROJECT_VERSION = 1; DEVELOPMENT_TEAM = ""; GENERATE_INFOPLIST_FILE = YES; INFOPLIST_KEY_CFBundleDisplayName = SchoolHelperIOS; INFOPLIST_KEY_UIApplicationSceneManifest_Generation = YES; INFOPLIST_KEY_UILaunchScreen_Generation = YES; INFOPLIST_KEY_UISupportedInterfaceOrientations_iPhone = UIInterfaceOrientationPortrait; IPHONEOS_DEPLOYMENT_TARGET = 17.0; LD_RUNPATH_SEARCH_PATHS = ("$(inherited)", "@executable_path/Frameworks"); MARKETING_VERSION = 1.0; PRODUCT_BUNDLE_IDENTIFIER = com.leebyungsun.schoolhelperios; PRODUCT_NAME = "$(TARGET_NAME)"; SDKROOT = iphoneos; SUPPORTED_PLATFORMS = "iphoneos iphonesimulator"; SWIFT_EMIT_LOC_STRINGS = NO; SWIFT_VERSION = 5.0; TARGETED_DEVICE_FAMILY = 1; }; name = Release; };
		9D908D8792E5642B2623649E = {isa = XCConfigurationList; buildConfigurations = (9B78CAAD775A7B1ADCDDB4CB /* Debug */, 67A65AB35555E026329D87C3 /* Release */); defaultConfigurationIsVisible = 0; defaultConfigurationName = Release; };
		F707ED8CFBC457F7F618ECA6 = {isa = XCConfigurationList; buildConfigurations = (5C1FCF821166A8E947DC58DE /* Debug */, D8A34C63742B602B66E1CD36 /* Release */); defaultConfigurationIsVisible = 0; defaultConfigurationName = Release; };
		6439CF22188FA14BBD363342 /* SchoolHelperIOS */ = {isa = PBXNativeTarget; buildConfigurationList = F707ED8CFBC457F7F618ECA6; buildPhases = (E7209FB05162B7572F88D05E /* Sources */, 29B2D46AA747A59804D46E1F /* Frameworks */, 66F8606E9F0A136E2228EBCB /* Resources */); buildRules = (); dependencies = (); name = SchoolHelperIOS; productName = SchoolHelperIOS; productReference = A97C29AD63741CF438998CE6 /* SchoolHelperIOS.app */; productType = "com.apple.product-type.application"; };
		46F86FAA6BBF9AC94A7E4595 /* Project object */ = {isa = PBXProject; attributes = { LastUpgradeCheck = 1620; TargetAttributes = { 6439CF22188FA14BBD363342 = { CreatedOnToolsVersion = 16.2; }; }; }; buildConfigurationList = 9D908D8792E5642B2623649E; compatibilityVersion = "Xcode 15.0"; developmentRegion = en; hasScannedForEncodings = 0; knownRegions = (en, Base); mainGroup = 7882D14E196057770B59E53D; productRefGroup = BF7A2D27A78D590BDEF15AF2; projectDirPath = ""; projectRoot = ""; targets = (6439CF22188FA14BBD363342 /* SchoolHelperIOS */); };
	};
	rootObject = 46F86FAA6BBF9AC94A7E4595 /* Project object */;
}
