// !$*UTF8*$!
{
	archiveVersion = 1;
	classes = {};
	objectVersion = 56;
	objects = {
		8B413DCA981ED66EFC8789AC /* AppLaunchOverrides.swift */ = {isa = PBXFileReference; lastKnownFileType = sourcecode.swift; path = "AppLaunchOverrides.swift"; sourceTree = "<group>"; };
		CA6D67E9A2F09AFBF1DADBE7 /* AppState.swift */ = {isa = PBXFileReference; lastKnownFileType = sourcecode.swift; path = "AppState.swift"; sourceTree = "<group>"; };
		8588BC3047355B7AC0FA5FEC /* RootTabView.swift */ = {isa = PBXFileReference; lastKnownFileType = sourcecode.swift; path = "RootTabView.swift"; sourceTree = "<group>"; };
		4AF490C2A8A6D6CB4C7B9AC9 /* SchoolHelperIOSApp.swift */ = {isa = PBXFileReference; lastKnownFileType = sourcecode.swift; path = "SchoolHelperIOSApp.swift"; sourceTree = "<group>"; };
		A388412000E71AC63DE79D8A /* HomeWidgetSnapshot.swift */ = {isa = PBXFileReference; lastKnownFileType = sourcecode.swift; path = "HomeWidgetSnapshot.swift"; sourceTree = "<group>"; };
		91C890D2C11D421F3EEF935D /* HomeWidgetTimelinePlanner.swift */ = {isa = PBXFileReference; lastKnownFileType = sourcecode.swift; path = "HomeWidgetTimelinePlanner.swift"; sourceTree = "<group>"; };
		BB0154ABAB9BD202031B2C9C /* MealInfo.swift */ = {isa = PBXFileReference; lastKnownFileType = sourcecode.swift; path = "MealInfo.swift"; sourceTree = "<group>"; };
		A7B8C9D0E1F2030405060708 /* MealMenuFormatter.swift */ = {isa = PBXFileReference; lastKnownFileType = sourcecode.swift; path = "MealMenuFormatter.swift"; sourceTree = "<group>"; };
		4819CD866B2B1FC42F16E4C1 /* NoticePreview.swift */ = {isa = PBXFileReference; lastKnownFileType = sourcecode.swift; path = "NoticePreview.swift"; sourceTree = "<group>"; };
		52732F100CD68DF53F924302 /* SchoolEvent.swift */ = {isa = PBXFileReference; lastKnownFileType = sourcecode.swift; path = "SchoolEvent.swift"; sourceTree = "<group>"; };
		41598C759476FAE3207C4DEE /* SchoolInfo.swift */ = {isa = PBXFileReference; lastKnownFileType = sourcecode.swift; path = "SchoolInfo.swift"; sourceTree = "<group>"; };
		8DF14D69C063A580A08D1590 /* StudentProfile.swift */ = {isa = PBXFileReference; lastKnownFileType = sourcecode.swift; path = "StudentProfile.swift"; sourceTree = "<group>"; };
		30E2516DA4976006996FE147 /* TimerPreset.swift */ = {isa = PBXFileReference; lastKnownFileType = sourcecode.swift; path = "TimerPreset.swift"; sourceTree = "<group>"; };
		4E7E0536A928979C3B52E299 /* TimerSessionState.swift */ = {isa = PBXFileReference; lastKnownFileType = sourcecode.swift; path = "TimerSessionState.swift"; sourceTree = "<group>"; };
		9E5D23C3B03452654BEA20A3 /* TimetableItem.swift */ = {isa = PBXFileReference; lastKnownFileType = sourcecode.swift; path = "TimetableItem.swift"; sourceTree = "<group>"; };
		846C289F044135A880835137 /* NEISClient.swift */ = {isa = PBXFileReference; lastKnownFileType = sourcecode.swift; path = "NEISClient.swift"; sourceTree = "<group>"; };
		E17D5A15E6DE84261E7B5F93 /* SchoolSearchService.swift */ = {isa = PBXFileReference; lastKnownFileType = sourcecode.swift; path = "SchoolSearchService.swift"; sourceTree = "<group>"; };
		93F70B0E1C83C5C0EE86DBA6 /* NotificationAuthorizationProvider.swift */ = {isa = PBXFileReference; lastKnownFileType = sourcecode.swift; path = "NotificationAuthorizationProvider.swift"; sourceTree = "<group>"; };
		5AB8B5F2FBF3FE69D08A4D3D /* NotificationPermissionCoordinator.swift */ = {isa = PBXFileReference; lastKnownFileType = sourcecode.swift; path = "NotificationPermissionCoordinator.swift"; sourceTree = "<group>"; };
		4413AC388BD92F4BDDB83F5A /* TimerNotificationScheduler.swift */ = {isa = PBXFileReference; lastKnownFileType = sourcecode.swift; path = "TimerNotificationScheduler.swift"; sourceTree = "<group>"; };
		80B55C44FC8C6CB22DCC5168 /* HomeWidgetSnapshotLoader.swift */ = {isa = PBXFileReference; lastKnownFileType = sourcecode.swift; path = "HomeWidgetSnapshotLoader.swift"; sourceTree = "<group>"; };
		5FD24DC224416BAC4D99EB01 /* SchoolRepository.swift */ = {isa = PBXFileReference; lastKnownFileType = sourcecode.swift; path = "SchoolRepository.swift"; sourceTree = "<group>"; };
		8F5BC66889471C47950D8105 /* AppStorageConfig.swift */ = {isa = PBXFileReference; lastKnownFileType = sourcecode.swift; path = "AppStorageConfig.swift"; sourceTree = "<group>"; };
		8C3AE71CC13E2BB653BC868B /* SchoolDataCacheStore.swift */ = {isa = PBXFileReference; lastKnownFileType = sourcecode.swift; path = "SchoolDataCacheStore.swift"; sourceTree = "<group>"; };
		EBE5CE93E4E7FFC14DAC7660 /* StudentPreferencesStore.swift */ = {isa = PBXFileReference; lastKnownFileType = sourcecode.swift; path = "StudentPreferencesStore.swift"; sourceTree = "<group>"; };
		6702DCCE44F9BC30778D0168 /* TimerPreferencesStore.swift */ = {isa = PBXFileReference; lastKnownFileType = sourcecode.swift; path = "TimerPreferencesStore.swift"; sourceTree = "<group>"; };
		AE0159AD6C015B6DBC989BED /* TimerSettingsStore.swift */ = {isa = PBXFileReference; lastKnownFileType = sourcecode.swift; path = "TimerSettingsStore.swift"; sourceTree = "<group>"; };
		C0381DE1A2D58B81A4935233 /* WidgetSettingsStore.swift */ = {isa = PBXFileReference; lastKnownFileType = sourcecode.swift; path = "WidgetSettingsStore.swift"; sourceTree = "<group>"; };
		CE5613C8C92CA29253092BAD /* WidgetTimelineReloader.swift */ = {isa = PBXFileReference; lastKnownFileType = sourcecode.swift; path = "WidgetTimelineReloader.swift"; sourceTree = "<group>"; };
		89C3D09EA0060FDD7E75A22C /* HomeWidgetSnapshotView.swift */ = {isa = PBXFileReference; lastKnownFileType = sourcecode.swift; path = "HomeWidgetSnapshotView.swift"; sourceTree = "<group>"; };
		6FD9045EF708D43EB57ED36E /* HomeView.swift */ = {isa = PBXFileReference; lastKnownFileType = sourcecode.swift; path = "HomeView.swift"; sourceTree = "<group>"; };
		39FEE6FDF2829878B33A2FDA /* HomeViewModel.swift */ = {isa = PBXFileReference; lastKnownFileType = sourcecode.swift; path = "HomeViewModel.swift"; sourceTree = "<group>"; };
		2C003A0D92D450FF65819DB9 /* MealsView.swift */ = {isa = PBXFileReference; lastKnownFileType = sourcecode.swift; path = "MealsView.swift"; sourceTree = "<group>"; };
		18FD7C086CA8D45E94D09963 /* MealsViewModel.swift */ = {isa = PBXFileReference; lastKnownFileType = sourcecode.swift; path = "MealsViewModel.swift"; sourceTree = "<group>"; };
		00DD701D7879B32686BEEA02 /* ScheduleView.swift */ = {isa = PBXFileReference; lastKnownFileType = sourcecode.swift; path = "ScheduleView.swift"; sourceTree = "<group>"; };
		1BEB85C741BB54DAE3590ACA /* ScheduleViewModel.swift */ = {isa = PBXFileReference; lastKnownFileType = sourcecode.swift; path = "ScheduleViewModel.swift"; sourceTree = "<group>"; };
		128876BA9CB203F0B32BD069 /* SettingsView.swift */ = {isa = PBXFileReference; lastKnownFileType = sourcecode.swift; path = "SettingsView.swift"; sourceTree = "<group>"; };
		93AA1A5EE8962804A8D513FB /* SettingsViewModel.swift */ = {isa = PBXFileReference; lastKnownFileType = sourcecode.swift; path = "SettingsViewModel.swift"; sourceTree = "<group>"; };
		E15A875EB1FA8A233A609F67 /* SetupView.swift */ = {isa = PBXFileReference; lastKnownFileType = sourcecode.swift; path = "SetupView.swift"; sourceTree = "<group>"; };
		0346036C5976F543939771B2 /* SetupViewModel.swift */ = {isa = PBXFileReference; lastKnownFileType = sourcecode.swift; path = "SetupViewModel.swift"; sourceTree = "<group>"; };
		ACFCF6F32DCA99EB105EC315 /* TimerView.swift */ = {isa = PBXFileReference; lastKnownFileType = sourcecode.swift; path = "TimerView.swift"; sourceTree = "<group>"; };
		E3B301701C7448F1FB3C6C07 /* TimerViewModel.swift */ = {isa = PBXFileReference; lastKnownFileType = sourcecode.swift; path = "TimerViewModel.swift"; sourceTree = "<group>"; };
		630FD2A6ED822C97B659CC42 /* TimetableView.swift */ = {isa = PBXFileReference; lastKnownFileType = sourcecode.swift; path = "TimetableView.swift"; sourceTree = "<group>"; };
		CB5A808DAC75EF427856BA21 /* TimetableViewModel.swift */ = {isa = PBXFileReference; lastKnownFileType = sourcecode.swift; path = "TimetableViewModel.swift"; sourceTree = "<group>"; };
		A685337F164707CCF0162435 /* SchoolRepositoryTests.swift */ = {isa = PBXFileReference; lastKnownFileType = sourcecode.swift; path = "SchoolRepositoryTests.swift"; sourceTree = "<group>"; };
		B57035E3EA0314AFDF1CCA7B /* SetupViewModelTests.swift */ = {isa = PBXFileReference; lastKnownFileType = sourcecode.swift; path = "SetupViewModelTests.swift"; sourceTree = "<group>"; };
		B916708B0B9E3BB198A8FE05 /* StudentPreferencesStoreTests.swift */ = {isa = PBXFileReference; lastKnownFileType = sourcecode.swift; path = "StudentPreferencesStoreTests.swift"; sourceTree = "<group>"; };
		896C78B4D9994792FCE892EE /* StudentProfileTests.swift */ = {isa = PBXFileReference; lastKnownFileType = sourcecode.swift; path = "StudentProfileTests.swift"; sourceTree = "<group>"; };
		D0975905299C521ADE5DDC8F /* TimerPreferencesStoreTests.swift */ = {isa = PBXFileReference; lastKnownFileType = sourcecode.swift; path = "TimerPreferencesStoreTests.swift"; sourceTree = "<group>"; };
		9C72CFBD2D4358B18280576E /* SchoolHelperIOSUITests.swift */ = {isa = PBXFileReference; lastKnownFileType = sourcecode.swift; path = "SchoolHelperIOSUITests.swift"; sourceTree = "<group>"; };
		9C8FDCC89EF93EABA6019076 /* SchoolHelperWidget.swift */ = {isa = PBXFileReference; lastKnownFileType = sourcecode.swift; path = "SchoolHelperWidget.swift"; sourceTree = "<group>"; };
		8C8CC106143DDD06F242559C /* Assets.xcassets */ = {isa = PBXFileReference; lastKnownFileType = folder.assetcatalog; path = "Assets.xcassets"; sourceTree = "<group>"; };
		A97C29AD63741CF438998CE6 /* SchoolHelperIOS.app */ = {isa = PBXFileReference; explicitFileType = wrapper.application; path = SchoolHelperIOS.app; sourceTree = BUILT_PRODUCTS_DIR; };
		6A28657AE504E088E19E88FE /* SchoolHelperIOSTests.xctest */ = {isa = PBXFileReference; explicitFileType = wrapper.cfbundle; path = SchoolHelperIOSTests.xctest; sourceTree = BUILT_PRODUCTS_DIR; };
		22939A3059DFBBBEB2299BEA /* SchoolHelperIOSUITests.xctest */ = {isa = PBXFileReference; explicitFileType = wrapper.cfbundle; path = SchoolHelperIOSUITests.xctest; sourceTree = BUILT_PRODUCTS_DIR; };
		503209A1BBB81F325194132B /* SchoolHelperWidget.appex */ = {isa = PBXFileReference; explicitFileType = "wrapper.app-extension"; path = SchoolHelperWidget.appex; sourceTree = BUILT_PRODUCTS_DIR; };
		EF33232DF6B8C7F590840750 /* AppLaunchOverrides.swift in Sources */ = {isa = PBXBuildFile; fileRef = 8B413DCA981ED66EFC8789AC /* AppLaunchOverrides.swift */; };
		08AE4FB8B1EB02DE8DE127DC /* AppState.swift in Sources */ = {isa = PBXBuildFile; fileRef = CA6D67E9A2F09AFBF1DADBE7 /* AppState.swift */; };
		ADCCB87A203EB328894EF11B /* RootTabView.swift in Sources */ = {isa = PBXBuildFile; fileRef = 8588BC3047355B7AC0FA5FEC /* RootTabView.swift */; };
		168D0A141A06237EBC295E2F /* SchoolHelperIOSApp.swift in Sources */ = {isa = PBXBuildFile; fileRef = 4AF490C2A8A6D6CB4C7B9AC9 /* SchoolHelperIOSApp.swift */; };
		50F1FD89173F85ED9A92D44D /* HomeWidgetSnapshot.swift in Sources */ = {isa = PBXBuildFile; fileRef = A388412000E71AC63DE79D8A /* HomeWidgetSnapshot.swift */; };
		C463A6F5D701A88CA14EBA40 /* HomeWidgetTimelinePlanner.swift in Sources */ = {isa = PBXBuildFile; fileRef = 91C890D2C11D421F3EEF935D /* HomeWidgetTimelinePlanner.swift */; };
		CE1E6DE3871B99DC99033EF2 /* MealInfo.swift in Sources */ = {isa = PBXBuildFile; fileRef = BB0154ABAB9BD202031B2C9C /* MealInfo.swift */; };
		B7C8D9E0F102030405060708 /* MealMenuFormatter.swift in Sources */ = {isa = PBXBuildFile; fileRef = A7B8C9D0E1F2030405060708 /* MealMenuFormatter.swift */; };
		44E04B818FEAFA076710052E /* NoticePreview.swift in Sources */ = {isa = PBXBuildFile; fileRef = 4819CD866B2B1FC42F16E4C1 /* NoticePreview.swift */; };
		0CFB139E1ED6628CE099BAB0 /* SchoolEvent.swift in Sources */ = {isa = PBXBuildFile; fileRef = 52732F100CD68DF53F924302 /* SchoolEvent.swift */; };
		10D9C0B8108250D15259E537 /* SchoolInfo.swift in Sources */ = {isa = PBXBuildFile; fileRef = 41598C759476FAE3207C4DEE /* SchoolInfo.swift */; };
		3EAAA5F8D24C1D40AAAE21AC /* StudentProfile.swift in Sources */ = {isa = PBXBuildFile; fileRef = 8DF14D69C063A580A08D1590 /* StudentProfile.swift */; };
		412CB20FFB593AAD47AEF0B5 /* TimerPreset.swift in Sources */ = {isa = PBXBuildFile; fileRef = 30E2516DA4976006996FE147 /* TimerPreset.swift */; };
		C0F720225C58760D202A258A /* TimerSessionState.swift in Sources */ = {isa = PBXBuildFile; fileRef = 4E7E0536A928979C3B52E299 /* TimerSessionState.swift */; };
		3324CDAAA3642A543F8ECEEF /* TimetableItem.swift in Sources */ = {isa = PBXBuildFile; fileRef = 9E5D23C3B03452654BEA20A3 /* TimetableItem.swift */; };
		6CC6DC05A458D7F2E5314DF5 /* NEISClient.swift in Sources */ = {isa = PBXBuildFile; fileRef = 846C289F044135A880835137 /* NEISClient.swift */; };
		4A9BCC5949721094A35E1C73 /* SchoolSearchService.swift in Sources */ = {isa = PBXBuildFile; fileRef = E17D5A15E6DE84261E7B5F93 /* SchoolSearchService.swift */; };
		408FD32D04BFEEEE55D33112 /* NotificationAuthorizationProvider.swift in Sources */ = {isa = PBXBuildFile; fileRef = 93F70B0E1C83C5C0EE86DBA6 /* NotificationAuthorizationProvider.swift */; };
		CB8195A4E606AF78DDA28053 /* NotificationPermissionCoordinator.swift in Sources */ = {isa = PBXBuildFile; fileRef = 5AB8B5F2FBF3FE69D08A4D3D /* NotificationPermissionCoordinator.swift */; };
		16A78AC929AC8FFD3D97204F /* TimerNotificationScheduler.swift in Sources */ = {isa = PBXBuildFile; fileRef = 4413AC388BD92F4BDDB83F5A /* TimerNotificationScheduler.swift */; };
		EA0265B2BA4C33E0C149FE45 /* HomeWidgetSnapshotLoader.swift in Sources */ = {isa = PBXBuildFile; fileRef = 80B55C44FC8C6CB22DCC5168 /* HomeWidgetSnapshotLoader.swift */; };
		E84FAD3B31380AE7680F35D1 /* SchoolRepository.swift in Sources */ = {isa = PBXBuildFile; fileRef = 5FD24DC224416BAC4D99EB01 /* SchoolRepository.swift */; };
		A081EFABEF9572C334E305A2 /* AppStorageConfig.swift in Sources */ = {isa = PBXBuildFile; fileRef = 8F5BC66889471C47950D8105 /* AppStorageConfig.swift */; };
		D442EBFFB582B0969A9FE7B7 /* SchoolDataCacheStore.swift in Sources */ = {isa = PBXBuildFile; fileRef = 8C3AE71CC13E2BB653BC868B /* SchoolDataCacheStore.swift */; };
		3E4CC74E803B94A6D3C260F3 /* StudentPreferencesStore.swift in Sources */ = {isa = PBXBuildFile; fileRef = EBE5CE93E4E7FFC14DAC7660 /* StudentPreferencesStore.swift */; };
		98D3FE2F85BA788168272DF1 /* TimerPreferencesStore.swift in Sources */ = {isa = PBXBuildFile; fileRef = 6702DCCE44F9BC30778D0168 /* TimerPreferencesStore.swift */; };
		83E7344FEFE27D487D99C0A7 /* TimerSettingsStore.swift in Sources */ = {isa = PBXBuildFile; fileRef = AE0159AD6C015B6DBC989BED /* TimerSettingsStore.swift */; };
		D7375559D9056EFBB507BE74 /* WidgetSettingsStore.swift in Sources */ = {isa = PBXBuildFile; fileRef = C0381DE1A2D58B81A4935233 /* WidgetSettingsStore.swift */; };
		F195C2DFEC98983C198992E2 /* WidgetTimelineReloader.swift in Sources */ = {isa = PBXBuildFile; fileRef = CE5613C8C92CA29253092BAD /* WidgetTimelineReloader.swift */; };
		E8A1FF2AEC81BD835ED24716 /* HomeWidgetSnapshotView.swift in Sources */ = {isa = PBXBuildFile; fileRef = 89C3D09EA0060FDD7E75A22C /* HomeWidgetSnapshotView.swift */; };
		18A16C75C86F34908868A9FA /* HomeView.swift in Sources */ = {isa = PBXBuildFile; fileRef = 6FD9045EF708D43EB57ED36E /* HomeView.swift */; };
		53E7FE9CBEE71FFA4ABEFB75 /* HomeViewModel.swift in Sources */ = {isa = PBXBuildFile; fileRef = 39FEE6FDF2829878B33A2FDA /* HomeViewModel.swift */; };
		67701FB7EC8A9B893C71F4E5 /* MealsView.swift in Sources */ = {isa = PBXBuildFile; fileRef = 2C003A0D92D450FF65819DB9 /* MealsView.swift */; };
		BB73F6253D487F95E768B475 /* MealsViewModel.swift in Sources */ = {isa = PBXBuildFile; fileRef = 18FD7C086CA8D45E94D09963 /* MealsViewModel.swift */; };
		7682855F82D0AB06269BA1F9 /* ScheduleView.swift in Sources */ = {isa = PBXBuildFile; fileRef = 00DD701D7879B32686BEEA02 /* ScheduleView.swift */; };
		57256B3696C3318B1C87B2D7 /* ScheduleViewModel.swift in Sources */ = {isa = PBXBuildFile; fileRef = 1BEB85C741BB54DAE3590ACA /* ScheduleViewModel.swift */; };
		5B33481624F92B96350984A9 /* SettingsView.swift in Sources */ = {isa = PBXBuildFile; fileRef = 128876BA9CB203F0B32BD069 /* SettingsView.swift */; };
		930FD5BFB52BEB2F9C1DC938 /* SettingsViewModel.swift in Sources */ = {isa = PBXBuildFile; fileRef = 93AA1A5EE8962804A8D513FB /* SettingsViewModel.swift */; };
		8D52EF407D6B1C786B46D00B /* SetupView.swift in Sources */ = {isa = PBXBuildFile; fileRef = E15A875EB1FA8A233A609F67 /* SetupView.swift */; };
		AD523D21831F402C41E5973A /* SetupViewModel.swift in Sources */ = {isa = PBXBuildFile; fileRef = 0346036C5976F543939771B2 /* SetupViewModel.swift */; };
		6FF414D54ED25EBCD15AD09D /* TimerView.swift in Sources */ = {isa = PBXBuildFile; fileRef = ACFCF6F32DCA99EB105EC315 /* TimerView.swift */; };
		369F179BFA71F4AA77FD63BB /* TimerViewModel.swift in Sources */ = {isa = PBXBuildFile; fileRef = E3B301701C7448F1FB3C6C07 /* TimerViewModel.swift */; };
		BF3A477ED4C66BF316BB55C2 /* TimetableView.swift in Sources */ = {isa = PBXBuildFile; fileRef = 630FD2A6ED822C97B659CC42 /* TimetableView.swift */; };
		8C37205E413C15C602973519 /* TimetableViewModel.swift in Sources */ = {isa = PBXBuildFile; fileRef = CB5A808DAC75EF427856BA21 /* TimetableViewModel.swift */; };
		DC196BC0EDA772E85D941581 /* SchoolRepositoryTests.swift in Sources */ = {isa = PBXBuildFile; fileRef = A685337F164707CCF0162435 /* SchoolRepositoryTests.swift */; };
		5338EC16FB74D2CB24B85251 /* SetupViewModelTests.swift in Sources */ = {isa = PBXBuildFile; fileRef = B57035E3EA0314AFDF1CCA7B /* SetupViewModelTests.swift */; };
		CAB9B1A00FA03707C408060D /* StudentPreferencesStoreTests.swift in Sources */ = {isa = PBXBuildFile; fileRef = B916708B0B9E3BB198A8FE05 /* StudentPreferencesStoreTests.swift */; };
		B5520079012B021C1E3105B0 /* StudentProfileTests.swift in Sources */ = {isa = PBXBuildFile; fileRef = 896C78B4D9994792FCE892EE /* StudentProfileTests.swift */; };
		129805165EF47A67323AB90E /* TimerPreferencesStoreTests.swift in Sources */ = {isa = PBXBuildFile; fileRef = D0975905299C521ADE5DDC8F /* TimerPreferencesStoreTests.swift */; };
		8EA0F43D7BC5120E77AB6CB6 /* SchoolHelperIOSUITests.swift in Sources */ = {isa = PBXBuildFile; fileRef = 9C72CFBD2D4358B18280576E /* SchoolHelperIOSUITests.swift */; };
		35851EE540B4B9F34839566A /* SchoolHelperWidget.swift in Sources */ = {isa = PBXBuildFile; fileRef = 9C8FDCC89EF93EABA6019076 /* SchoolHelperWidget.swift */; };
		8B2DC6CE6889E44777EF4355 /* Assets.xcassets in Resources */ = {isa = PBXBuildFile; fileRef = 8C8CC106143DDD06F242559C /* Assets.xcassets */; };
		23499C3DFCA2B141F5A49287 /* SchoolHelperWidget.appex in Embed App Extensions */ = {isa = PBXBuildFile; fileRef = 503209A1BBB81F325194132B /* SchoolHelperWidget.appex */; settings = {ATTRIBUTES = (RemoveHeadersOnCopy, ); }; };
		7882D14E196057770B59E53D = {isa = PBXGroup; children = (0AC49CBAC3B8FB8E45B0EC91 /* SchoolHelperIOS */, E1D534CC64ACEAD556F3C5BC /* SchoolHelperWidget */, 516831D832DDC7318520265A /* SchoolHelperIOSTests */, 63A2A6FBFEF19C9433138764 /* SchoolHelperIOSUITests */, BF7A2D27A78D590BDEF15AF2 /* Products */); sourceTree = "<group>"; };
		0AC49CBAC3B8FB8E45B0EC91 /* SchoolHelperIOS */ = {isa = PBXGroup; children = (095FEE2E633C50D24407F2D6 /* App */, 56FF437C3595AA04784D1FDF /* Core */, 7E6EE8A8A8649088BCCC27BE /* Features */, 0ECEC165EE4DFB177DC80E73 /* Resources */); path = SchoolHelperIOS; sourceTree = "<group>"; };
		E1D534CC64ACEAD556F3C5BC /* SchoolHelperWidget */ = {isa = PBXGroup; children = (9C8FDCC89EF93EABA6019076 /* SchoolHelperWidget.swift */); path = SchoolHelperWidget; sourceTree = "<group>"; };
		BF7A2D27A78D590BDEF15AF2 /* Products */ = {isa = PBXGroup; children = (A97C29AD63741CF438998CE6 /* SchoolHelperIOS.app */, 6A28657AE504E088E19E88FE /* SchoolHelperIOSTests.xctest */, 22939A3059DFBBBEB2299BEA /* SchoolHelperIOSUITests.xctest */, 503209A1BBB81F325194132B /* SchoolHelperWidget.appex */); name = Products; sourceTree = "<group>"; };
		095FEE2E633C50D24407F2D6 /* App */ = {isa = PBXGroup; children = (8B413DCA981ED66EFC8789AC /* AppLaunchOverrides.swift */, CA6D67E9A2F09AFBF1DADBE7 /* AppState.swift */, 8588BC3047355B7AC0FA5FEC /* RootTabView.swift */, 4AF490C2A8A6D6CB4C7B9AC9 /* SchoolHelperIOSApp.swift */); path = App; sourceTree = "<group>"; };
		56FF437C3595AA04784D1FDF /* Core */ = {isa = PBXGroup; children = (C9296A05A87C57A25315E1D6 /* Models */, 19F55F1C484ADE23F7FAEE33 /* Networking */, 5C224EC492BC9570715C08A4 /* Notifications */, 041EA66BD92F5D3770310AEA /* Repositories */, 8858329A6ED328E015E82D4D /* Storage */, 4BDFCB38F69CE5F85331A5A3 /* Views */); path = Core; sourceTree = "<group>"; };
		C9296A05A87C57A25315E1D6 /* Models */ = {isa = PBXGroup; children = (A388412000E71AC63DE79D8A /* HomeWidgetSnapshot.swift */, 91C890D2C11D421F3EEF935D /* HomeWidgetTimelinePlanner.swift */, BB0154ABAB9BD202031B2C9C /* MealInfo.swift */, A7B8C9D0E1F2030405060708 /* MealMenuFormatter.swift */, 4819CD866B2B1FC42F16E4C1 /* NoticePreview.swift */, 52732F100CD68DF53F924302 /* SchoolEvent.swift */, 41598C759476FAE3207C4DEE /* SchoolInfo.swift */, 8DF14D69C063A580A08D1590 /* StudentProfile.swift */, 30E2516DA4976006996FE147 /* TimerPreset.swift */, 4E7E0536A928979C3B52E299 /* TimerSessionState.swift */, 9E5D23C3B03452654BEA20A3 /* TimetableItem.swift */); path = Models; sourceTree = "<group>"; };
		19F55F1C484ADE23F7FAEE33 /* Networking */ = {isa = PBXGroup; children = (846C289F044135A880835137 /* NEISClient.swift */, E17D5A15E6DE84261E7B5F93 /* SchoolSearchService.swift */); path = Networking; sourceTree = "<group>"; };
		5C224EC492BC9570715C08A4 /* Notifications */ = {isa = PBXGroup; children = (93F70B0E1C83C5C0EE86DBA6 /* NotificationAuthorizationProvider.swift */, 5AB8B5F2FBF3FE69D08A4D3D /* NotificationPermissionCoordinator.swift */, 4413AC388BD92F4BDDB83F5A /* TimerNotificationScheduler.swift */); path = Notifications; sourceTree = "<group>"; };
		041EA66BD92F5D3770310AEA /* Repositories */ = {isa = PBXGroup; children = (80B55C44FC8C6CB22DCC5168 /* HomeWidgetSnapshotLoader.swift */, 5FD24DC224416BAC4D99EB01 /* SchoolRepository.swift */); path = Repositories; sourceTree = "<group>"; };
		8858329A6ED328E015E82D4D /* Storage */ = {isa = PBXGroup; children = (8F5BC66889471C47950D8105 /* AppStorageConfig.swift */, 8C3AE71CC13E2BB653BC868B /* SchoolDataCacheStore.swift */, EBE5CE93E4E7FFC14DAC7660 /* StudentPreferencesStore.swift */, 6702DCCE44F9BC30778D0168 /* TimerPreferencesStore.swift */, AE0159AD6C015B6DBC989BED /* TimerSettingsStore.swift */, C0381DE1A2D58B81A4935233 /* WidgetSettingsStore.swift */, CE5613C8C92CA29253092BAD /* WidgetTimelineReloader.swift */); path = Storage; sourceTree = "<group>"; };
		4BDFCB38F69CE5F85331A5A3 /* Views */ = {isa = PBXGroup; children = (89C3D09EA0060FDD7E75A22C /* HomeWidgetSnapshotView.swift */); path = Views; sourceTree = "<group>"; };
		7E6EE8A8A8649088BCCC27BE /* Features */ = {isa = PBXGroup; children = (4BBE9B4D75A28821221F7B33 /* Home */, 4DB0076464EC4FCE230BEBEA /* Meals */, CF99264565225747643EB65E /* Schedule */, 81B0A081DA0FA31E64479918 /* Settings */, 5A70AF3F70600A092A686313 /* Setup */, A3055C0257AE0E63131AF712 /* Timer */, 6DDBCDAEAC57B6B986D04302 /* Timetable */); path = Features; sourceTree = "<group>"; };
		4BBE9B4D75A28821221F7B33 /* Home */ = {isa = PBXGroup; children = (6FD9045EF708D43EB57ED36E /* HomeView.swift */, 39FEE6FDF2829878B33A2FDA /* HomeViewModel.swift */); path = Home; sourceTree = "<group>"; };
		4DB0076464EC4FCE230BEBEA /* Meals */ = {isa = PBXGroup; children = (2C003A0D92D450FF65819DB9 /* MealsView.swift */, 18FD7C086CA8D45E94D09963 /* MealsViewModel.swift */); path = Meals; sourceTree = "<group>"; };
		CF99264565225747643EB65E /* Schedule */ = {isa = PBXGroup; children = (00DD701D7879B32686BEEA02 /* ScheduleView.swift */, 1BEB85C741BB54DAE3590ACA /* ScheduleViewModel.swift */); path = Schedule; sourceTree = "<group>"; };
		81B0A081DA0FA31E64479918 /* Settings */ = {isa = PBXGroup; children = (128876BA9CB203F0B32BD069 /* SettingsView.swift */, 93AA1A5EE8962804A8D513FB /* SettingsViewModel.swift */); path = Settings; sourceTree = "<group>"; };
		5A70AF3F70600A092A686313 /* Setup */ = {isa = PBXGroup; children = (E15A875EB1FA8A233A609F67 /* SetupView.swift */, 0346036C5976F543939771B2 /* SetupViewModel.swift */); path = Setup; sourceTree = "<group>"; };
		A3055C0257AE0E63131AF712 /* Timer */ = {isa = PBXGroup; children = (ACFCF6F32DCA99EB105EC315 /* TimerView.swift */, E3B301701C7448F1FB3C6C07 /* TimerViewModel.swift */); path = Timer; sourceTree = "<group>"; };
		6DDBCDAEAC57B6B986D04302 /* Timetable */ = {isa = PBXGroup; children = (630FD2A6ED822C97B659CC42 /* TimetableView.swift */, CB5A808DAC75EF427856BA21 /* TimetableViewModel.swift */); path = Timetable; sourceTree = "<group>"; };
		0ECEC165EE4DFB177DC80E73 /* Resources */ = {isa = PBXGroup; children = (8C8CC106143DDD06F242559C /* Assets.xcassets */); path = Resources; sourceTree = "<group>"; };
		516831D832DDC7318520265A /* SchoolHelperIOSTests */ = {isa = PBXGroup; children = (A685337F164707CCF0162435 /* SchoolRepositoryTests.swift */, B57035E3EA0314AFDF1CCA7B /* SetupViewModelTests.swift */, B916708B0B9E3BB198A8FE05 /* StudentPreferencesStoreTests.swift */, 896C78B4D9994792FCE892EE /* StudentProfileTests.swift */, D0975905299C521ADE5DDC8F /* TimerPreferencesStoreTests.swift */); path = SchoolHelperIOSTests; sourceTree = "<group>"; };
		63A2A6FBFEF19C9433138764 /* SchoolHelperIOSUITests */ = {isa = PBXGroup; children = (9C72CFBD2D4358B18280576E /* SchoolHelperIOSUITests.swift */); path = SchoolHelperIOSUITests; sourceTree = "<group>"; };
		E7209FB05162B7572F88D05E /* Sources */ = {isa = PBXSourcesBuildPhase; buildActionMask = 2147483647; files = (EF33232DF6B8C7F590840750 /* AppLaunchOverrides.swift in Sources */, 08AE4FB8B1EB02DE8DE127DC /* AppState.swift in Sources */, ADCCB87A203EB328894EF11B /* RootTabView.swift in Sources */, 168D0A141A06237EBC295E2F /* SchoolHelperIOSApp.swift in Sources */, 50F1FD89173F85ED9A92D44D /* HomeWidgetSnapshot.swift in Sources */, C463A6F5D701A88CA14EBA40 /* HomeWidgetTimelinePlanner.swift in Sources */, CE1E6DE3871B99DC99033EF2 /* MealInfo.swift in Sources */, B7C8D9E0F102030405060708 /* MealMenuFormatter.swift in Sources */, 44E04B818FEAFA076710052E /* NoticePreview.swift in Sources */, 0CFB139E1ED6628CE099BAB0 /* SchoolEvent.swift in Sources */, 10D9C0B8108250D15259E537 /* SchoolInfo.swift in Sources */, 3EAAA5F8D24C1D40AAAE21AC /* StudentProfile.swift in Sources */, 412CB20FFB593AAD47AEF0B5 /* TimerPreset.swift in Sources */, C0F720225C58760D202A258A /* TimerSessionState.swift in Sources */, 3324CDAAA3642A543F8ECEEF /* TimetableItem.swift in Sources */, 6CC6DC05A458D7F2E5314DF5 /* NEISClient.swift in Sources */, 4A9BCC5949721094A35E1C73 /* SchoolSearchService.swift in Sources */, 408FD32D04BFEEEE55D33112 /* NotificationAuthorizationProvider.swift in Sources */, CB8195A4E606AF78DDA28053 /* NotificationPermissionCoordinator.swift in Sources */, 16A78AC929AC8FFD3D97204F /* TimerNotificationScheduler.swift in Sources */, EA0265B2BA4C33E0C149FE45 /* HomeWidgetSnapshotLoader.swift in Sources */, E84FAD3B31380AE7680F35D1 /* SchoolRepository.swift in Sources */, A081EFABEF9572C334E305A2 /* AppStorageConfig.swift in Sources */, D442EBFFB582B0969A9FE7B7 /* SchoolDataCacheStore.swift in Sources */, 3E4CC74E803B94A6D3C260F3 /* StudentPreferencesStore.swift in Sources */, 98D3FE2F85BA788168272DF1 /* TimerPreferencesStore.swift in Sources */, 83E7344FEFE27D487D99C0A7 /* TimerSettingsStore.swift in Sources */, D7375559D9056EFBB507BE74 /* WidgetSettingsStore.swift in Sources */, F195C2DFEC98983C198992E2 /* WidgetTimelineReloader.swift in Sources */, E8A1FF2AEC81BD835ED24716 /* HomeWidgetSnapshotView.swift in Sources */, 18A16C75C86F34908868A9FA /* HomeView.swift in Sources */, 53E7FE9CBEE71FFA4ABEFB75 /* HomeViewModel.swift in Sources */, 67701FB7EC8A9B893C71F4E5 /* MealsView.swift in Sources */, BB73F6253D487F95E768B475 /* MealsViewModel.swift in Sources */, 7682855F82D0AB06269BA1F9 /* ScheduleView.swift in Sources */, 57256B3696C3318B1C87B2D7 /* ScheduleViewModel.swift in Sources */, 5B33481624F92B96350984A9 /* SettingsView.swift in Sources */, 930FD5BFB52BEB2F9C1DC938 /* SettingsViewModel.swift in Sources */, 8D52EF407D6B1C786B46D00B /* SetupView.swift in Sources */, AD523D21831F402C41E5973A /* SetupViewModel.swift in Sources */, 6FF414D54ED25EBCD15AD09D /* TimerView.swift in Sources */, 369F179BFA71F4AA77FD63BB /* TimerViewModel.swift in Sources */, BF3A477ED4C66BF316BB55C2 /* TimetableView.swift in Sources */, 8C37205E413C15C602973519 /* TimetableViewModel.swift in Sources */); runOnlyForDeploymentPostprocessing = 0; };
		29B2D46AA747A59804D46E1F /* Frameworks */ = {isa = PBXFrameworksBuildPhase; buildActionMask = 2147483647; files = (); runOnlyForDeploymentPostprocessing = 0; };
		66F8606E9F0A136E2228EBCB /* Resources */ = {isa = PBXResourcesBuildPhase; buildActionMask = 2147483647; files = (8B2DC6CE6889E44777EF4355 /* Assets.xcassets in Resources */); runOnlyForDeploymentPostprocessing = 0; };
		9C8914A37D3483390224BF0E /* Embed App Extensions */ = {isa = PBXCopyFilesBuildPhase; buildActionMask = 2147483647; dstPath = ""; dstSubfolderSpec = 13; files = (23499C3DFCA2B141F5A49287 /* SchoolHelperWidget.appex in Embed App Extensions */); name = "Embed App Extensions"; runOnlyForDeploymentPostprocessing = 0; };
		71AFA7AE312CEA64B8800D83 /* Sources */ = {isa = PBXSourcesBuildPhase; buildActionMask = 2147483647; files = (DC196BC0EDA772E85D941581 /* SchoolRepositoryTests.swift in Sources */, 5338EC16FB74D2CB24B85251 /* SetupViewModelTests.swift in Sources */, CAB9B1A00FA03707C408060D /* StudentPreferencesStoreTests.swift in Sources */, B5520079012B021C1E3105B0 /* StudentProfileTests.swift in Sources */, 129805165EF47A67323AB90E /* TimerPreferencesStoreTests.swift in Sources */); runOnlyForDeploymentPostprocessing = 0; };
		70069BCF9F458A3D8EA01D11 /* Frameworks */ = {isa = PBXFrameworksBuildPhase; buildActionMask = 2147483647; files = (); runOnlyForDeploymentPostprocessing = 0; };
		8F48A2A39A0F90551A038F9E /* Resources */ = {isa = PBXResourcesBuildPhase; buildActionMask = 2147483647; files = (); runOnlyForDeploymentPostprocessing = 0; };
		A42D14ECC79C2AEEA6E2A5D0 /* Sources */ = {isa = PBXSourcesBuildPhase; buildActionMask = 2147483647; files = (8EA0F43D7BC5120E77AB6CB6 /* SchoolHelperIOSUITests.swift in Sources */); runOnlyForDeploymentPostprocessing = 0; };
		49F1133A6792EEE3AECFBB5E /* Frameworks */ = {isa = PBXFrameworksBuildPhase; buildActionMask = 2147483647; files = (); runOnlyForDeploymentPostprocessing = 0; };
		87676D896A8C43D62127B658 /* Resources */ = {isa = PBXResourcesBuildPhase; buildActionMask = 2147483647; files = (); runOnlyForDeploymentPostprocessing = 0; };
		68B6E1056B4406A4F1169934 /* Sources */ = {isa = PBXSourcesBuildPhase; buildActionMask = 2147483647; files = (35851EE540B4B9F34839566A /* SchoolHelperWidget.swift in Sources */, 50F1FD89173F85ED9A92D44D /* HomeWidgetSnapshot.swift in Sources */, C463A6F5D701A88CA14EBA40 /* HomeWidgetTimelinePlanner.swift in Sources */, CE1E6DE3871B99DC99033EF2 /* MealInfo.swift in Sources */, B7C8D9E0F102030405060708 /* MealMenuFormatter.swift in Sources */, 44E04B818FEAFA076710052E /* NoticePreview.swift in Sources */, 0CFB139E1ED6628CE099BAB0 /* SchoolEvent.swift in Sources */, 10D9C0B8108250D15259E537 /* SchoolInfo.swift in Sources */, 3EAAA5F8D24C1D40AAAE21AC /* StudentProfile.swift in Sources */, 412CB20FFB593AAD47AEF0B5 /* TimerPreset.swift in Sources */, C0F720225C58760D202A258A /* TimerSessionState.swift in Sources */, 3324CDAAA3642A543F8ECEEF /* TimetableItem.swift in Sources */, 6CC6DC05A458D7F2E5314DF5 /* NEISClient.swift in Sources */, 4A9BCC5949721094A35E1C73 /* SchoolSearchService.swift in Sources */, 408FD32D04BFEEEE55D33112 /* NotificationAuthorizationProvider.swift in Sources */, CB8195A4E606AF78DDA28053 /* NotificationPermissionCoordinator.swift in Sources */, 16A78AC929AC8FFD3D97204F /* TimerNotificationScheduler.swift in Sources */, EA0265B2BA4C33E0C149FE45 /* HomeWidgetSnapshotLoader.swift in Sources */, E84FAD3B31380AE7680F35D1 /* SchoolRepository.swift in Sources */, A081EFABEF9572C334E305A2 /* AppStorageConfig.swift in Sources */, D442EBFFB582B0969A9FE7B7 /* SchoolDataCacheStore.swift in Sources */, 3E4CC74E803B94A6D3C260F3 /* StudentPreferencesStore.swift in Sources */, 98D3FE2F85BA788168272DF1 /* TimerPreferencesStore.swift in Sources */, 83E7344FEFE27D487D99C0A7 /* TimerSettingsStore.swift in Sources */, D7375559D9056EFBB507BE74 /* WidgetSettingsStore.swift in Sources */, F195C2DFEC98983C198992E2 /* WidgetTimelineReloader.swift in Sources */, E8A1FF2AEC81BD835ED24716 /* HomeWidgetSnapshotView.swift in Sources */); runOnlyForDeploymentPostprocessing = 0; };
		4952702A7A8CBBCD2D08794E /* Frameworks */ = {isa = PBXFrameworksBuildPhase; buildActionMask = 2147483647; files = (); runOnlyForDeploymentPostprocessing = 0; };
		F45E88C70F523C008A1746F6 /* Resources */ = {isa = PBXResourcesBuildPhase; buildActionMask = 2147483647; files = (); runOnlyForDeploymentPostprocessing = 0; };
		189D56DE85F89520581145D8 /* Debug */ = {isa = XCBuildConfiguration; buildSettings = { CLANG_ENABLE_MODULES = YES; SWIFT_VERSION = 5.0; }; name = Debug; };
		30547E9EC5F49CB55604B54F /* Release */ = {isa = XCBuildConfiguration; buildSettings = { CLANG_ENABLE_MODULES = YES; SWIFT_VERSION = 5.0; }; name = Release; };
		0F9FC8EE2C99E07A9753399D /* Debug */ = {isa = XCBuildConfiguration; buildSettings = { ASSETCATALOG_COMPILER_APPICON_NAME = ""; CODE_SIGN_STYLE = Automatic; CODE_SIGNING_ALLOWED = YES; CODE_SIGNING_REQUIRED = YES; CODE_SIGN_ENTITLEMENTS = SchoolHelperIOS/SchoolHelperIOS.entitlements; CURRENT_PROJECT_VERSION = 1; DEVELOPMENT_TEAM = 2TJFP5788P; ENABLE_TESTABILITY = YES; GENERATE_INFOPLIST_FILE = NO; INFOPLIST_FILE = SchoolHelperIOS/Info.plist; IPHONEOS_DEPLOYMENT_TARGET = 17.0; LD_RUNPATH_SEARCH_PATHS = ("$(inherited)", "@executable_path/Frameworks"); MARKETING_VERSION = 1.0; PRODUCT_BUNDLE_IDENTIFIER = com.leebyungsun.schoolhelperios; PRODUCT_NAME = "$(TARGET_NAME)"; SUPPORTED_PLATFORMS = "iphoneos iphonesimulator"; SWIFT_EMIT_LOC_STRINGS = NO; SWIFT_OPTIMIZATION_LEVEL = "-Onone"; SWIFT_VERSION = 5.0; TARGETED_DEVICE_FAMILY = 1; }; name = Debug; };
		1483FA26082F598A11F242FF /* Release */ = {isa = XCBuildConfiguration; buildSettings = { ASSETCATALOG_COMPILER_APPICON_NAME = ""; CODE_SIGN_STYLE = Automatic; CODE_SIGNING_ALLOWED = YES; CODE_SIGNING_REQUIRED = YES; CODE_SIGN_ENTITLEMENTS = SchoolHelperIOS/SchoolHelperIOS.entitlements; CURRENT_PROJECT_VERSION = 1; DEVELOPMENT_TEAM = 2TJFP5788P; ENABLE_TESTABILITY = NO; GENERATE_INFOPLIST_FILE = NO; INFOPLIST_FILE = SchoolHelperIOS/Info.plist; IPHONEOS_DEPLOYMENT_TARGET = 17.0; LD_RUNPATH_SEARCH_PATHS = ("$(inherited)", "@executable_path/Frameworks"); MARKETING_VERSION = 1.0; PRODUCT_BUNDLE_IDENTIFIER = com.leebyungsun.schoolhelperios; PRODUCT_NAME = "$(TARGET_NAME)"; SUPPORTED_PLATFORMS = "iphoneos iphonesimulator"; SWIFT_EMIT_LOC_STRINGS = NO; SWIFT_OPTIMIZATION_LEVEL = "-O"; SWIFT_VERSION = 5.0; TARGETED_DEVICE_FAMILY = 1; }; name = Release; };
		74552497E519648B383D6A90 /* Debug */ = {isa = XCBuildConfiguration; buildSettings = { BUNDLE_LOADER = "$(TEST_HOST)"; CODE_SIGN_STYLE = Automatic; CODE_SIGNING_ALLOWED = YES; CODE_SIGNING_REQUIRED = YES; ENABLE_TESTABILITY = YES; GENERATE_INFOPLIST_FILE = YES; IPHONEOS_DEPLOYMENT_TARGET = 17.0; LD_RUNPATH_SEARCH_PATHS = ("$(inherited)", "@executable_path/Frameworks", "@loader_path/Frameworks"); PRODUCT_BUNDLE_IDENTIFIER = com.leebyungsun.schoolhelperios.tests; PRODUCT_NAME = "$(TARGET_NAME)"; SUPPORTED_PLATFORMS = "iphoneos iphonesimulator"; SWIFT_OPTIMIZATION_LEVEL = "-Onone"; SWIFT_VERSION = 5.0; TARGETED_DEVICE_FAMILY = 1; TEST_HOST = "$(BUILT_PRODUCTS_DIR)/SchoolHelperIOS.app/SchoolHelperIOS"; }; name = Debug; };
		0B861AF66ECE710E9705AE9F /* Release */ = {isa = XCBuildConfiguration; buildSettings = { BUNDLE_LOADER = "$(TEST_HOST)"; CODE_SIGN_STYLE = Automatic; CODE_SIGNING_ALLOWED = YES; CODE_SIGNING_REQUIRED = YES; ENABLE_TESTABILITY = NO; GENERATE_INFOPLIST_FILE = YES; IPHONEOS_DEPLOYMENT_TARGET = 17.0; LD_RUNPATH_SEARCH_PATHS = ("$(inherited)", "@executable_path/Frameworks", "@loader_path/Frameworks"); PRODUCT_BUNDLE_IDENTIFIER = com.leebyungsun.schoolhelperios.tests; PRODUCT_NAME = "$(TARGET_NAME)"; SUPPORTED_PLATFORMS = "iphoneos iphonesimulator"; SWIFT_OPTIMIZATION_LEVEL = "-O"; SWIFT_VERSION = 5.0; TARGETED_DEVICE_FAMILY = 1; TEST_HOST = "$(BUILT_PRODUCTS_DIR)/SchoolHelperIOS.app/SchoolHelperIOS"; }; name = Release; };
		4814CF842614D8DE2A33CFB8 /* Debug */ = {isa = XCBuildConfiguration; buildSettings = { APPLICATION_EXTENSION_API_ONLY = YES; CODE_SIGN_STYLE = Automatic; CODE_SIGNING_ALLOWED = YES; CODE_SIGNING_REQUIRED = YES; CODE_SIGN_ENTITLEMENTS = SchoolHelperWidget/SchoolHelperWidget.entitlements; CURRENT_PROJECT_VERSION = 1; DEVELOPMENT_TEAM = 2TJFP5788P; GENERATE_INFOPLIST_FILE = NO; INFOPLIST_FILE = SchoolHelperWidget/Info.plist; IPHONEOS_DEPLOYMENT_TARGET = 17.0; LD_RUNPATH_SEARCH_PATHS = ("$(inherited)", "@executable_path/Frameworks", "@executable_path/../../Frameworks"); MARKETING_VERSION = 1.0; PRODUCT_BUNDLE_IDENTIFIER = com.leebyungsun.schoolhelperios.widget; PRODUCT_NAME = "$(TARGET_NAME)"; SKIP_INSTALL = YES; SUPPORTED_PLATFORMS = "iphoneos iphonesimulator"; SWIFT_VERSION = 5.0; TARGETED_DEVICE_FAMILY = 1; }; name = Debug; };
		C11F66F6A41085DBFF305236 /* Release */ = {isa = XCBuildConfiguration; buildSettings = { APPLICATION_EXTENSION_API_ONLY = YES; CODE_SIGN_STYLE = Automatic; CODE_SIGNING_ALLOWED = YES; CODE_SIGNING_REQUIRED = YES; CODE_SIGN_ENTITLEMENTS = SchoolHelperWidget/SchoolHelperWidget.entitlements; CURRENT_PROJECT_VERSION = 1; DEVELOPMENT_TEAM = 2TJFP5788P; GENERATE_INFOPLIST_FILE = NO; INFOPLIST_FILE = SchoolHelperWidget/Info.plist; IPHONEOS_DEPLOYMENT_TARGET = 17.0; LD_RUNPATH_SEARCH_PATHS = ("$(inherited)", "@executable_path/Frameworks", "@executable_path/../../Frameworks"); MARKETING_VERSION = 1.0; PRODUCT_BUNDLE_IDENTIFIER = com.leebyungsun.schoolhelperios.widget; PRODUCT_NAME = "$(TARGET_NAME)"; SKIP_INSTALL = YES; SUPPORTED_PLATFORMS = "iphoneos iphonesimulator"; SWIFT_VERSION = 5.0; TARGETED_DEVICE_FAMILY = 1; }; name = Release; };
		9D908D8792E5642B2623649E = {isa = XCConfigurationList; buildConfigurations = (189D56DE85F89520581145D8 /* Debug */, 30547E9EC5F49CB55604B54F /* Release */); defaultConfigurationIsVisible = 0; defaultConfigurationName = Release; };
		E850913E5F419DF1836B1B18 = {isa = XCConfigurationList; buildConfigurations = (0F9FC8EE2C99E07A9753399D /* Debug */, 1483FA26082F598A11F242FF /* Release */); defaultConfigurationIsVisible = 0; defaultConfigurationName = Release; };
		5736B0A2BE3429717885D91C = {isa = XCConfigurationList; buildConfigurations = (74552497E519648B383D6A90 /* Debug */, 0B861AF66ECE710E9705AE9F /* Release */); defaultConfigurationIsVisible = 0; defaultConfigurationName = Release; };
		B88302CF459CA4E2ADC1D66F /* Debug */ = {isa = XCBuildConfiguration; buildSettings = { CODE_SIGN_STYLE = Automatic; CODE_SIGNING_ALLOWED = YES; CODE_SIGNING_REQUIRED = YES; GENERATE_INFOPLIST_FILE = YES; IPHONEOS_DEPLOYMENT_TARGET = 17.0; LD_RUNPATH_SEARCH_PATHS = ("$(inherited)", "@executable_path/Frameworks", "@loader_path/Frameworks"); PRODUCT_BUNDLE_IDENTIFIER = com.leebyungsun.schoolhelperios.uitests; PRODUCT_NAME = "$(TARGET_NAME)"; SUPPORTED_PLATFORMS = "iphoneos iphonesimulator"; SWIFT_OPTIMIZATION_LEVEL = "-Onone"; SWIFT_VERSION = 5.0; TARGETED_DEVICE_FAMILY = 1; TEST_TARGET_NAME = SchoolHelperIOS; }; name = Debug; };
		5B49FC6BDB545A197C76A573 /* Release */ = {isa = XCBuildConfiguration; buildSettings = { CODE_SIGN_STYLE = Automatic; CODE_SIGNING_ALLOWED = YES; CODE_SIGNING_REQUIRED = YES; GENERATE_INFOPLIST_FILE = YES; IPHONEOS_DEPLOYMENT_TARGET = 17.0; LD_RUNPATH_SEARCH_PATHS = ("$(inherited)", "@executable_path/Frameworks", "@loader_path/Frameworks"); PRODUCT_BUNDLE_IDENTIFIER = com.leebyungsun.schoolhelperios.uitests; PRODUCT_NAME = "$(TARGET_NAME)"; SUPPORTED_PLATFORMS = "iphoneos iphonesimulator"; SWIFT_OPTIMIZATION_LEVEL = "-O"; SWIFT_VERSION = 5.0; TARGETED_DEVICE_FAMILY = 1; TEST_TARGET_NAME = SchoolHelperIOS; }; name = Release; };
		0CFF0B40F16216BA9CDDF7E0 = {isa = XCConfigurationList; buildConfigurations = (B88302CF459CA4E2ADC1D66F /* Debug */, 5B49FC6BDB545A197C76A573 /* Release */); defaultConfigurationIsVisible = 0; defaultConfigurationName = Release; };
		3888CFCA39507AA9C9F82E21 = {isa = XCConfigurationList; buildConfigurations = (4814CF842614D8DE2A33CFB8 /* Debug */, C11F66F6A41085DBFF305236 /* Release */); defaultConfigurationIsVisible = 0; defaultConfigurationName = Release; };
		4BF23F0F0BB4E07C6CFB5381 /* PBXContainerItemProxy */ = {isa = PBXContainerItemProxy; containerPortal = 46F86FAA6BBF9AC94A7E4595 /* Project object */; proxyType = 1; remoteGlobalIDString = 7F56226B5929950B267B5780; remoteInfo = SchoolHelperWidget; };
		75F7E1C9CD82FB7497433802 /* PBXTargetDependency */ = {isa = PBXTargetDependency; target = 7F56226B5929950B267B5780 /* SchoolHelperWidget */; targetProxy = 4BF23F0F0BB4E07C6CFB5381 /* PBXContainerItemProxy */; };
		94EF044B6B4F82517354A1C9 /* PBXContainerItemProxy */ = {isa = PBXContainerItemProxy; containerPortal = 46F86FAA6BBF9AC94A7E4595 /* Project object */; proxyType = 1; remoteGlobalIDString = 6439CF22188FA14BBD363342; remoteInfo = SchoolHelperIOS; };
		73A061F91F9449B34DAF41B1 /* PBXTargetDependency */ = {isa = PBXTargetDependency; target = 6439CF22188FA14BBD363342 /* SchoolHelperIOS */; targetProxy = 94EF044B6B4F82517354A1C9 /* PBXContainerItemProxy */; };
		6439CF22188FA14BBD363342 /* SchoolHelperIOS */ = {isa = PBXNativeTarget; buildConfigurationList = E850913E5F419DF1836B1B18; buildPhases = (E7209FB05162B7572F88D05E /* Sources */, 29B2D46AA747A59804D46E1F /* Frameworks */, 66F8606E9F0A136E2228EBCB /* Resources */, 9C8914A37D3483390224BF0E /* Embed App Extensions */); buildRules = (); dependencies = (75F7E1C9CD82FB7497433802 /* PBXTargetDependency */); name = SchoolHelperIOS; productName = SchoolHelperIOS; productReference = A97C29AD63741CF438998CE6 /* SchoolHelperIOS.app */; productType = "com.apple.product-type.application"; };
		384AED6A9A6E51F8FA09FB01 /* SchoolHelperIOSTests */ = {isa = PBXNativeTarget; buildConfigurationList = 5736B0A2BE3429717885D91C; buildPhases = (71AFA7AE312CEA64B8800D83 /* Sources */, 70069BCF9F458A3D8EA01D11 /* Frameworks */, 8F48A2A39A0F90551A038F9E /* Resources */); buildRules = (); dependencies = (); name = SchoolHelperIOSTests; productName = SchoolHelperIOSTests; productReference = 6A28657AE504E088E19E88FE /* SchoolHelperIOSTests.xctest */; productType = "com.apple.product-type.bundle.unit-test"; };
		6C94138B83CF3D77EDCE5256 /* SchoolHelperIOSUITests */ = {isa = PBXNativeTarget; buildConfigurationList = 0CFF0B40F16216BA9CDDF7E0; buildPhases = (A42D14ECC79C2AEEA6E2A5D0 /* Sources */, 49F1133A6792EEE3AECFBB5E /* Frameworks */, 87676D896A8C43D62127B658 /* Resources */); buildRules = (); dependencies = (73A061F91F9449B34DAF41B1 /* PBXTargetDependency */); name = SchoolHelperIOSUITests; productName = SchoolHelperIOSUITests; productReference = 22939A3059DFBBBEB2299BEA /* SchoolHelperIOSUITests.xctest */; productType = "com.apple.product-type.bundle.ui-testing"; };
		7F56226B5929950B267B5780 /* SchoolHelperWidget */ = {isa = PBXNativeTarget; buildConfigurationList = 3888CFCA39507AA9C9F82E21; buildPhases = (68B6E1056B4406A4F1169934 /* Sources */, 4952702A7A8CBBCD2D08794E /* Frameworks */, F45E88C70F523C008A1746F6 /* Resources */); buildRules = (); dependencies = (); name = SchoolHelperWidget; productName = SchoolHelperWidget; productReference = 503209A1BBB81F325194132B /* SchoolHelperWidget.appex */; productType = "com.apple.product-type.app-extension"; };
		46F86FAA6BBF9AC94A7E4595 /* Project object */ = {isa = PBXProject; attributes = { LastUpgradeCheck = 1620; TargetAttributes = { 6439CF22188FA14BBD363342 = { CreatedOnToolsVersion = 16.2; SystemCapabilities = { com.apple.ApplicationGroups.iOS = { enabled = 1; }; }; }; 384AED6A9A6E51F8FA09FB01 = { CreatedOnToolsVersion = 16.2; TestTargetID = 6439CF22188FA14BBD363342; }; 6C94138B83CF3D77EDCE5256 = { CreatedOnToolsVersion = 16.2; TestTargetID = 6439CF22188FA14BBD363342; }; 7F56226B5929950B267B5780 = { CreatedOnToolsVersion = 16.2; SystemCapabilities = { com.apple.ApplicationGroups.iOS = { enabled = 1; }; }; }; }; }; buildConfigurationList = 9D908D8792E5642B2623649E; compatibilityVersion = "Xcode 15.0"; developmentRegion = en; hasScannedForEncodings = 0; knownRegions = (en, Base); mainGroup = 7882D14E196057770B59E53D; productRefGroup = BF7A2D27A78D590BDEF15AF2; projectDirPath = ""; projectRoot = ""; targets = (6439CF22188FA14BBD363342 /* SchoolHelperIOS */, 384AED6A9A6E51F8FA09FB01 /* SchoolHelperIOSTests */, 6C94138B83CF3D77EDCE5256 /* SchoolHelperIOSUITests */, 7F56226B5929950B267B5780 /* SchoolHelperWidget */); };
	};
	rootObject = 46F86FAA6BBF9AC94A7E4595 /* Project object */;
}
